
Microsoft Visual Studio Solution File, Format Version 12.00
# Visual Studio Version 17
VisualStudioVersion = 17.2.32630.192
MinimumVisualStudioVersion = 10.0.40219.1
Project("{FAE04EC0-301F-11D3-BF4B-00C04F79EFBC}") = "Blazor", "Blazor\Blazor.csproj", "{B98D1CB5-87D9-45D3-B1AC-AA5901408F03}"
EndProject
Project("{FAE04EC0-301F-11D3-BF4B-00C04F79EFBC}") = "Modelos", "Modelos\Modelos.csproj", "{047D114E-C7C1-4053-A358-70BD3AAF6C1F}"
EndProject
Project("{FAE04EC0-301F-11D3-BF4B-00C04F79EFBC}") = "Datos", "Datos\Datos.csproj", "{C11B02A3-9033-41F9-AF73-91222CBCD6B5}"
EndProject
Global
	GlobalSection(SolutionConfigurationPlatforms) = preSolution
		Debug|Any CPU = Debug|Any CPU
		Release|Any CPU = Release|Any CPU
	EndGlobalSection
	GlobalSection(ProjectConfigurationPlatforms) = postSolution
		{B98D1CB5-87D9-45D3-B1AC-AA5901408F03}.Debug|Any CPU.ActiveCfg = Debug|Any CPU
		{B98D1CB5-87D9-45D3-B1AC-AA5901408F03}.Debug|Any CPU.Build.0 = Debug|Any CPU
		{B98D1CB5-87D9-45D3-B1AC-AA5901408F03}.Release|Any CPU.ActiveCfg = Release|Any CPU
		{B98D1CB5-87D9-45D3-B1AC-AA5901408F03}.Release|Any CPU.Build.0 = Release|Any CPU
		{047D114E-C7C1-4053-A358-70BD3AAF6C1F}.Debug|Any CPU.ActiveCfg = Debug|Any CPU
		{047D114E-C7C1-4053-A358-70BD3AAF6C1F}.Debug|Any CPU.Build.0 = Debug|Any CPU
		{047D114E-C7C1-4053-A358-70BD3AAF6C1F}.Release|Any CPU.ActiveCfg = Release|Any CPU
		{047D114E-C7C1-4053-A358-70BD3AAF6C1F}.Release|Any CPU.Build.0 = Release|Any CPU
		{C11B02A3-9033-41F9-AF73-91222CBCD6B5}.Debug|Any CPU.ActiveCfg = Debug|Any CPU
		{C11B02A3-9033-41F9-AF73-91222CBCD6B5}.Debug|Any CPU.Build.0 = Debug|Any CPU
		{C11B02A3-9033-41F9-AF73-91222CBCD6B5}.Release|Any CPU.ActiveCfg = Release|Any CPU
		{C11B02A3-9033-41F9-AF73-91222CBCD6B5}.Release|Any CPU.Build.0 = Release|Any CPU
	EndGlobalSection
	GlobalSection(SolutionProperties) = preSolution
		HideSolutionNode = FALSE
	EndGlobalSection
	GlobalSection(ExtensibilityGlobals) = postSolution
		SolutionGuid = {7C6A0F66-BAD5-480B-B9BD-083151FCB662}
	EndGlobalSection
EndGlobal
